
Microsoft Visual Studio Solution File, Format Version 12.00
# Visual Studio 15
Project("{FAE04EC0-301F-11D3-BF4B-00C04F79EFBC}") = "Ejercicio7", "Ejercicio7.csproj", "{6C4DB6A0-A798-4528-AC3D-857C646D471D}"
EndProject
Global
	GlobalSection(SolutionConfigurationPlatforms) = preSolution
		Debug|x86 = Debug|x86
		Release|x86 = Release|x86
	EndGlobalSection
	GlobalSection(ProjectConfigurationPlatforms) = postSolution
		{6C4DB6A0-A798-4528-AC3D-857C646D471D}.Debug|x86.ActiveCfg = Debug|x86
		{6C4DB6A0-A798-4528-AC3D-857C646D471D}.Debug|x86.Build.0 = Debug|x86
		{6C4DB6A0-A798-4528-AC3D-857C646D471D}.Release|x86.ActiveCfg = Release|x86
		{6C4DB6A0-A798-4528-AC3D-857C646D471D}.Release|x86.Build.0 = Release|x86
	EndGlobalSection
EndGlobal
